---
path: ".gem_rbs_collection"
gems:
- name: ast
  version: '2.4'
  source:
    type: git
    name: ruby/gem_rbs_collection
    revision: 3da8055018aeb72066c98e745bcf1342ca826fc4
    remote: https://github.com/ruby/gem_rbs_collection.git
    repo_dir: gems
- name: base64
  version: '0.1'
  source:
    type: git
    name: ruby/gem_rbs_collection
    revision: 3da8055018aeb72066c98e745bcf1342ca826fc4
    remote: https://github.com/ruby/gem_rbs_collection.git
    repo_dir: gems
- name: binding_of_caller
  version: '1.0'
  source:
    type: git
    name: ruby/gem_rbs_collection
    revision: 3da8055018aeb72066c98e745bcf1342ca826fc4
    remote: https://github.com/ruby/gem_rbs_collection.git
    repo_dir: gems
- name: dbm
  version: '0'
  source:
    type: stdlib
- name: diff-lcs
  version: '1.5'
  source:
    type: git
    name: ruby/gem_rbs_collection
    revision: 3da8055018aeb72066c98e745bcf1342ca826fc4
    remote: https://github.com/ruby/gem_rbs_collection.git
    repo_dir: gems
- name: erb
  version: '0'
  source:
    type: stdlib
- name: fileutils
  version: '0'
  source:
    type: stdlib
- name: io-console
  version: '0'
  source:
    type: stdlib
- name: logger
  version: '0'
  source:
    type: stdlib
- name: monitor
  version: '0'
  source:
    type: stdlib
- name: optparse
  version: '0'
  source:
    type: stdlib
- name: parser
  version: '3.2'
  source:
    type: git
    name: ruby/gem_rbs_collection
    revision: 3da8055018aeb72066c98e745bcf1342ca826fc4
    remote: https://github.com/ruby/gem_rbs_collection.git
    repo_dir: gems
- name: pp
  version: '0'
  source:
    type: stdlib
- name: prettyprint
  version: '0'
  source:
    type: stdlib
- name: prism
  version: 1.7.0
  source:
    type: rubygems
- name: pstore
  version: '0'
  source:
    type: stdlib
- name: psych
  version: '0'
  source:
    type: stdlib
- name: rake
  version: '13.0'
  source:
    type: git
    name: ruby/gem_rbs_collection
    revision: 3da8055018aeb72066c98e745bcf1342ca826fc4
    remote: https://github.com/ruby/gem_rbs_collection.git
    repo_dir: gems
- name: rdoc
  version: '0'
  source:
    type: stdlib
- name: ripper
  version: '0'
  source:
    type: stdlib
- name: rspec-parameterized-core
  version: 2.0.1
  source:
    type: rubygems
- name: rspec-parameterized-table_syntax
  version: 2.1.0
  source:
    type: rubygems
- name: ruby_header_parser
  version: 0.5.0
  source:
    type: rubygems
- name: tsort
  version: '0'
  source:
    type: stdlib
- name: uri
  version: '0'
  source:
    type: stdlib
- name: yard
  version: '0.9'
  source:
    type: git
    name: ruby/gem_rbs_collection
    revision: 3da8055018aeb72066c98e745bcf1342ca826fc4
    remote: https://github.com/ruby/gem_rbs_collection.git
    repo_dir: gems
gemfile_lock_path: Gemfile.lock
